
Microsoft Visual Studio Solution File, Format Version 12.00
# Visual Studio Version 16
VisualStudioVersion = 16.0.31112.23
MinimumVisualStudioVersion = 10.0.40219.1
Project("{9A19103F-16F7-4668-BE54-9A1E7A4F7556}") = "ContactInfoApp.Server", "ContactInfoApp\Server\ContactInfoApp.Server.csproj", "{EC179B0D-14DA-45B1-A98B-674873145C26}"
EndProject
Project("{9A19103F-16F7-4668-BE54-9A1E7A4F7556}") = "ContactInfoApp.Client", "ContactInfoApp\Client\ContactInfoApp.Client.csproj", "{CF10D482-FD84-4422-8A48-E75A0B6B2BF5}"
EndProject
Project("{9A19103F-16F7-4668-BE54-9A1E7A4F7556}") = "ContactInfoApp.Shared", "ContactInfoApp\Shared\ContactInfoApp.Shared.csproj", "{3BA3D70B-CEF3-4887-A14F-BF92EC232E5E}"
EndProject
Project("{9A19103F-16F7-4668-BE54-9A1E7A4F7556}") = "GetContactAPI", "GetContactApi\GetContactAPI.csproj", "{2899B7E4-9B83-49A4-B173-36CA13572AB8}"
EndProject
Project("{9A19103F-16F7-4668-BE54-9A1E7A4F7556}") = "IpStack", "IpStack\IpStack.csproj", "{C25EDC4A-0915-4C2C-8D9D-638EF61C9909}"
EndProject
Global
	GlobalSection(SolutionConfigurationPlatforms) = preSolution
		Debug|Any CPU = Debug|Any CPU
		Release|Any CPU = Release|Any CPU
	EndGlobalSection
	GlobalSection(ProjectConfigurationPlatforms) = postSolution
		{EC179B0D-14DA-45B1-A98B-674873145C26}.Debug|Any CPU.ActiveCfg = Debug|Any CPU
		{EC179B0D-14DA-45B1-A98B-674873145C26}.Debug|Any CPU.Build.0 = Debug|Any CPU
		{EC179B0D-14DA-45B1-A98B-674873145C26}.Release|Any CPU.ActiveCfg = Release|Any CPU
		{EC179B0D-14DA-45B1-A98B-674873145C26}.Release|Any CPU.Build.0 = Release|Any CPU
		{CF10D482-FD84-4422-8A48-E75A0B6B2BF5}.Debug|Any CPU.ActiveCfg = Debug|Any CPU
		{CF10D482-FD84-4422-8A48-E75A0B6B2BF5}.Debug|Any CPU.Build.0 = Debug|Any CPU
		{CF10D482-FD84-4422-8A48-E75A0B6B2BF5}.Release|Any CPU.ActiveCfg = Release|Any CPU
		{CF10D482-FD84-4422-8A48-E75A0B6B2BF5}.Release|Any CPU.Build.0 = Release|Any CPU
		{3BA3D70B-CEF3-4887-A14F-BF92EC232E5E}.Debug|Any CPU.ActiveCfg = Debug|Any CPU
		{3BA3D70B-CEF3-4887-A14F-BF92EC232E5E}.Debug|Any CPU.Build.0 = Debug|Any CPU
		{3BA3D70B-CEF3-4887-A14F-BF92EC232E5E}.Release|Any CPU.ActiveCfg = Release|Any CPU
		{3BA3D70B-CEF3-4887-A14F-BF92EC232E5E}.Release|Any CPU.Build.0 = Release|Any CPU
		{2899B7E4-9B83-49A4-B173-36CA13572AB8}.Debug|Any CPU.ActiveCfg = Debug|Any CPU
		{2899B7E4-9B83-49A4-B173-36CA13572AB8}.Debug|Any CPU.Build.0 = Debug|Any CPU
		{2899B7E4-9B83-49A4-B173-36CA13572AB8}.Release|Any CPU.ActiveCfg = Release|Any CPU
		{2899B7E4-9B83-49A4-B173-36CA13572AB8}.Release|Any CPU.Build.0 = Release|Any CPU
		{C25EDC4A-0915-4C2C-8D9D-638EF61C9909}.Debug|Any CPU.ActiveCfg = Debug|Any CPU
		{C25EDC4A-0915-4C2C-8D9D-638EF61C9909}.Debug|Any CPU.Build.0 = Debug|Any CPU
		{C25EDC4A-0915-4C2C-8D9D-638EF61C9909}.Release|Any CPU.ActiveCfg = Release|Any CPU
		{C25EDC4A-0915-4C2C-8D9D-638EF61C9909}.Release|Any CPU.Build.0 = Release|Any CPU
	EndGlobalSection
	GlobalSection(SolutionProperties) = preSolution
		HideSolutionNode = FALSE
	EndGlobalSection
	GlobalSection(ExtensibilityGlobals) = postSolution
		SolutionGuid = {52D30DE5-BD36-40B6-97D5-E362E6927DE3}
	EndGlobalSection
EndGlobal
